
Microsoft Visual Studio Solution File, Format Version 12.00
# Visual Studio Version 17
VisualStudioVersion = 17.11.35312.102
MinimumVisualStudioVersion = 10.0.40219.1
Project("{FAE04EC0-301F-11D3-BF4B-00C04F79EFBC}") = "Student-Result-Management-System", "Student-Result-Management-System\Student-Result-Management-System.csproj", "{E36DF103-5877-4433-8874-515C7F12CD5F}"
EndProject
Global
	GlobalSection(SolutionConfigurationPlatforms) = preSolution
		Debug|Any CPU = Debug|Any CPU
		Release|Any CPU = Release|Any CPU
	EndGlobalSection
	GlobalSection(ProjectConfigurationPlatforms) = postSolution
		{E36DF103-5877-4433-8874-515C7F12CD5F}.Debug|Any CPU.ActiveCfg = Debug|Any CPU
		{E36DF103-5877-4433-8874-515C7F12CD5F}.Debug|Any CPU.Build.0 = Debug|Any CPU
		{E36DF103-5877-4433-8874-515C7F12CD5F}.Release|Any CPU.ActiveCfg = Release|Any CPU
		{E36DF103-5877-4433-8874-515C7F12CD5F}.Release|Any CPU.Build.0 = Release|Any CPU
	EndGlobalSection
	GlobalSection(SolutionProperties) = preSolution
		HideSolutionNode = FALSE
	EndGlobalSection
	GlobalSection(ExtensibilityGlobals) = postSolution
		SolutionGuid = {22F0D2A4-CCC4-4701-9D96-CA3E33CFB7F1}
	EndGlobalSection
EndGlobal
